Microsoft Visual Studio Solution File, Format Version 12.00
# Visual Studio Version 17
VisualStudioVersion = 17.5.2.0
MinimumVisualStudioVersion = 10.0.40219.1
Project("{FAE04EC0-301F-11D3-BF4B-00C04F79EFBC}") = "EncoreTrack", "EncoreTrack.csproj", "{A8928866-0D2F-5454-BFA9-A1CAB0D099E3}"
EndProject
Global
	GlobalSection(SolutionConfigurationPlatforms) = preSolution
		Debug|Any CPU = Debug|Any CPU
		Release|Any CPU = Release|Any CPU
	EndGlobalSection
	GlobalSection(ProjectConfigurationPlatforms) = postSolution
		{A8928866-0D2F-5454-BFA9-A1CAB0D099E3}.Debug|Any CPU.ActiveCfg = Debug|Any CPU
		{A8928866-0D2F-5454-BFA9-A1CAB0D099E3}.Debug|Any CPU.Build.0 = Debug|Any CPU
		{A8928866-0D2F-5454-BFA9-A1CAB0D099E3}.Release|Any CPU.ActiveCfg = Release|Any CPU
		{A8928866-0D2F-5454-BFA9-A1CAB0D099E3}.Release|Any CPU.Build.0 = Release|Any CPU
	EndGlobalSection
	GlobalSection(SolutionProperties) = preSolution
		HideSolutionNode = FALSE
	EndGlobalSection
	GlobalSection(ExtensibilityGlobals) = postSolution
		SolutionGuid = {BC9E3839-5C63-4F0E-A459-232489413BFA}
	EndGlobalSection
EndGlobal
